
Microsoft Visual Studio Solution File, Format Version 12.00
# Visual Studio Version 16
VisualStudioVersion = 16.0.30503.244
MinimumVisualStudioVersion = 10.0.40219.1
Project("{FAE04EC0-301F-11D3-BF4B-00C04F79EFBC}") = "Class - Fan", "Class - Fan.csproj", "{F7E32173-04FD-48FD-B366-65255E87B064}"
EndProject
Global
	GlobalSection(SolutionConfigurationPlatforms) = preSolution
		Debug|Any CPU = Debug|Any CPU
		Release|Any CPU = Release|Any CPU
	EndGlobalSection
	GlobalSection(ProjectConfigurationPlatforms) = postSolution
		{F7E32173-04FD-48FD-B366-65255E87B064}.Debug|Any CPU.ActiveCfg = Debug|Any CPU
		{F7E32173-04FD-48FD-B366-65255E87B064}.Debug|Any CPU.Build.0 = Debug|Any CPU
		{F7E32173-04FD-48FD-B366-65255E87B064}.Release|Any CPU.ActiveCfg = Release|Any CPU
		{F7E32173-04FD-48FD-B366-65255E87B064}.Release|Any CPU.Build.0 = Release|Any CPU
	EndGlobalSection
	GlobalSection(SolutionProperties) = preSolution
		HideSolutionNode = FALSE
	EndGlobalSection
	GlobalSection(ExtensibilityGlobals) = postSolution
		SolutionGuid = {2A2BCB82-E3FE-41E4-AE25-9926C8DADBA9}
	EndGlobalSection
EndGlobal
